
Microsoft Visual Studio Solution File, Format Version 12.00
# Visual Studio Version 17
VisualStudioVersion = 17.7.34202.233
MinimumVisualStudioVersion = 10.0.40219.1
Project("{FAE04EC0-301F-11D3-BF4B-00C04F79EFBC}") = "SignalRServerExample", "SignalRServerExample\SignalRServerExample.csproj", "{DE0F6F5B-6679-491C-9D6B-FF494FEAD3EC}"
EndProject
Global
	GlobalSection(SolutionConfigurationPlatforms) = preSolution
		Debug|Any CPU = Debug|Any CPU
		Release|Any CPU = Release|Any CPU
	EndGlobalSection
	GlobalSection(ProjectConfigurationPlatforms) = postSolution
		{DE0F6F5B-6679-491C-9D6B-FF494FEAD3EC}.Debug|Any CPU.ActiveCfg = Debug|Any CPU
		{DE0F6F5B-6679-491C-9D6B-FF494FEAD3EC}.Debug|Any CPU.Build.0 = Debug|Any CPU
		{DE0F6F5B-6679-491C-9D6B-FF494FEAD3EC}.Release|Any CPU.ActiveCfg = Release|Any CPU
		{DE0F6F5B-6679-491C-9D6B-FF494FEAD3EC}.Release|Any CPU.Build.0 = Release|Any CPU
	EndGlobalSection
	GlobalSection(SolutionProperties) = preSolution
		HideSolutionNode = FALSE
	EndGlobalSection
	GlobalSection(ExtensibilityGlobals) = postSolution
		SolutionGuid = {24D43EC3-7635-43C7-ABB9-4F469C5EE490}
	EndGlobalSection
EndGlobal
